
Microsoft Visual Studio Solution File, Format Version 12.00
# Visual Studio Version 17
VisualStudioVersion = 17.8.34219.65
MinimumVisualStudioVersion = 10.0.40219.1
Project("{FAE04EC0-301F-11D3-BF4B-00C04F79EFBC}") = "WorkerServiceAPI", "WorkerServiceAPI.csproj", "{1411D96A-E883-44AA-9079-AFB41B518330}"
EndProject
Global
	GlobalSection(SolutionConfigurationPlatforms) = preSolution
		Debug|Any CPU = Debug|Any CPU
		Release|Any CPU = Release|Any CPU
	EndGlobalSection
	GlobalSection(ProjectConfigurationPlatforms) = postSolution
		{1411D96A-E883-44AA-9079-AFB41B518330}.Debug|Any CPU.ActiveCfg = Debug|Any CPU
		{1411D96A-E883-44AA-9079-AFB41B518330}.Debug|Any CPU.Build.0 = Debug|Any CPU
		{1411D96A-E883-44AA-9079-AFB41B518330}.Release|Any CPU.ActiveCfg = Release|Any CPU
		{1411D96A-E883-44AA-9079-AFB41B518330}.Release|Any CPU.Build.0 = Release|Any CPU
	EndGlobalSection
	GlobalSection(SolutionProperties) = preSolution
		HideSolutionNode = FALSE
	EndGlobalSection
	GlobalSection(ExtensibilityGlobals) = postSolution
		SolutionGuid = {94479EC0-B5AC-4E50-8945-08E3934DC7B2}
	EndGlobalSection
EndGlobal
